
Microsoft Visual Studio Solution File, Format Version 12.00
# Visual Studio Version 17
VisualStudioVersion = 17.11.35327.3
MinimumVisualStudioVersion = 10.0.40219.1
Project("{FAE04EC0-301F-11D3-BF4B-00C04F79EFBC}") = "HotelBooking.API", "HotelBooking.API.csproj", "{036A28B4-1E97-4071-A1CC-5A64378AE325}"
EndProject
Global
	GlobalSection(SolutionConfigurationPlatforms) = preSolution
		Debug|Any CPU = Debug|Any CPU
		Release|Any CPU = Release|Any CPU
	EndGlobalSection
	GlobalSection(ProjectConfigurationPlatforms) = postSolution
		{036A28B4-1E97-4071-A1CC-5A64378AE325}.Debug|Any CPU.ActiveCfg = Debug|Any CPU
		{036A28B4-1E97-4071-A1CC-5A64378AE325}.Debug|Any CPU.Build.0 = Debug|Any CPU
		{036A28B4-1E97-4071-A1CC-5A64378AE325}.Release|Any CPU.ActiveCfg = Release|Any CPU
		{036A28B4-1E97-4071-A1CC-5A64378AE325}.Release|Any CPU.Build.0 = Release|Any CPU
	EndGlobalSection
	GlobalSection(SolutionProperties) = preSolution
		HideSolutionNode = FALSE
	EndGlobalSection
	GlobalSection(ExtensibilityGlobals) = postSolution
		SolutionGuid = {7C796895-E635-4B17-8409-6A42AB59EF64}
	EndGlobalSection
EndGlobal
